{
  "name": "@rembr/vscode",
  "version": "2.0.0",
  "lockfileVersion": 3,
  "requires": true,
  "packages": {
    "": {
      "name": "@rembr/vscode",
      "version": "2.0.0",
      "hasInstallScript": true,
      "license": "MIT",
      "bin": {
        "rembr-vscode": "cli.js"
      },
      "engines": {
        "node": ">=18.0.0"
      }
    }
  }
}
